// !$*UTF8*$!
{
	archiveVersion = 1;
	classes = {
	};
	objectVersion = 55;
	objects = {

/* Begin PBXBuildFile section */
		3A8CDC092901AA3C00910FF2 /* AppDelegate.swift in Sources */ = {isa = PBXBuildFile; fileRef = 3A8CDC082901AA3C00910FF2 /* AppDelegate.swift */; };
		3A8CDC0B2901AA3C00910FF2 /* SceneDelegate.swift in Sources */ = {isa = PBXBuildFile; fileRef = 3A8CDC0A2901AA3C00910FF2 /* SceneDelegate.swift */; };
		3A8CDC0D2901AA3C00910FF2 /* ViewController.swift in Sources */ = {isa = PBXBuildFile; fileRef = 3A8CDC0C2901AA3C00910FF2 /* ViewController.swift */; };
		3A8CDC102901AA3C00910FF2 /* Main.storyboard in Resources */ = {isa = PBXBuildFile; fileRef = 3A8CDC0E2901AA3C00910FF2 /* Main.storyboard */; };
		3A8CDC122901AA4000910FF2 /* Assets.xcassets in Resources */ = {isa = PBXBuildFile; fileRef = 3A8CDC112901AA4000910FF2 /* Assets.xcassets */; };
		3A8CDC152901AA4000910FF2 /* LaunchScreen.storyboard in Resources */ = {isa = PBXBuildFile; fileRef = 3A8CDC132901AA4000910FF2 /* LaunchScreen.storyboard */; };
		3A8CDC232901ADCB00910FF2 /* UniformTypeIdentifiers.framework in Frameworks */ = {isa = PBXBuildFile; fileRef = 3A8CDC222901ADCB00910FF2 /* UniformTypeIdentifiers.framework */; };
		3A8CDC262901ADCB00910FF2 /* Media.xcassets in Resources */ = {isa = PBXBuildFile; fileRef = 3A8CDC252901ADCB00910FF2 /* Media.xcassets */; };
		3A8CDC282901ADCB00910FF2 /* ActionViewController.swift in Sources */ = {isa = PBXBuildFile; fileRef = 3A8CDC272901ADCB00910FF2 /* ActionViewController.swift */; };
		3A8CDC2B2901ADCB00910FF2 /* MainInterface.storyboard in Resources */ = {isa = PBXBuildFile; fileRef = 3A8CDC292901ADCB00910FF2 /* MainInterface.storyboard */; };
		3A8CDC2F2901ADCB00910FF2 /* Extension.appex in Embed App Extensions */ = {isa = PBXBuildFile; fileRef = 3A8CDC202901ADCB00910FF2 /* Extension.appex */; settings = {ATTRIBUTES = (RemoveHeadersOnCopy, ); }; };
		3A8CDC352901B0D100910FF2 /* Action.js in Resources */ = {isa = PBXBuildFile; fileRef = 3A8CDC342901B0D100910FF2 /* Action.js */; };
/* End PBXBuildFile section */

/* Begin PBXContainerItemProxy section */
		3A8CDC2D2901ADCB00910FF2 /* PBXContainerItemProxy */ = {
			isa = PBXContainerItemProxy;
			containerPortal = 3A8CDBFD2901AA3C00910FF2 /* Project object */;
			proxyType = 1;
			remoteGlobalIDString = 3A8CDC1F2901ADCB00910FF2;
			remoteInfo = Extension;
		};
/* End PBXContainerItemProxy section */

/* Begin PBXCopyFilesBuildPhase section */
		3A8CDC332901ADCB00910FF2 /* Embed App Extensions */ = {
			isa = PBXCopyFilesBuildPhase;
			buildActionMask = 2147483647;
			dstPath = "";
			dstSubfolderSpec = 13;
			files = (
				3A8CDC2F2901ADCB00910FF2 /* Extension.appex in Embed App Extensions */,
			);
			name = "Embed App Extensions";
			runOnlyForDeploymentPostprocessing = 0;
		};
/* End PBXCopyFilesBuildPhase section */

/* Begin PBXFileReference section */
		3A8CDC052901AA3C00910FF2 /* Project19.app */ = {isa = PBXFileReference; explicitFileType = wrapper.application; includeInIndex = 0; path = Project19.app; sourceTree = BUILT_PRODUCTS_DIR; };
		3A8CDC082901AA3C00910FF2 /* AppDelegate.swift */ = {isa = PBXFileReference; lastKnownFileType = sourcecode.swift; path = AppDelegate.swift; sourceTree = "<group>"; };
		3A8CDC0A2901AA3C00910FF2 /* SceneDelegate.swift */ = {isa = PBXFileReference; lastKnownFileType = sourcecode.swift; path = SceneDelegate.swift; sourceTree = "<group>"; };
		3A8CDC0C2901AA3C00910FF2 /* ViewController.swift */ = {isa = PBXFileReference; lastKnownFileType = sourcecode.swift; path = ViewController.swift; sourceTree = "<group>"; };
		3A8CDC0F2901AA3C00910FF2 /* Base */ = {isa = PBXFileReference; lastKnownFileType = file.storyboard; name = Base; path = Base.lproj/Main.storyboard; sourceTree = "<group>"; };
		3A8CDC112901AA4000910FF2 /* Assets.xcassets */ = {isa = PBXFileReference; lastKnownFileType = folder.assetcatalog; path = Assets.xcassets; sourceTree = "<group>"; };
		3A8CDC142901AA4000910FF2 /* Base */ = {isa = PBXFileReference; lastKnownFileType = file.storyboard; name = Base; path = Base.lproj/LaunchScreen.storyboard; sourceTree = "<group>"; };
		3A8CDC162901AA4000910FF2 /* Info.plist */ = {isa = PBXFileReference; lastKnownFileType = text.plist.xml; path = Info.plist; sourceTree = "<group>"; };
		3A8CDC202901ADCB00910FF2 /* Extension.appex */ = {isa = PBXFileReference; explicitFileType = "wrapper.app-extension"; includeInIndex = 0; path = Extension.appex; sourceTree = BUILT_PRODUCTS_DIR; };
		3A8CDC222901ADCB00910FF2 /* UniformTypeIdentifiers.framework */ = {isa = PBXFileReference; lastKnownFileType = wrapper.framework; name = UniformTypeIdentifiers.framework; path = System/Library/Frameworks/UniformTypeIdentifiers.framework; sourceTree = SDKROOT; };
		3A8CDC252901ADCB00910FF2 /* Media.xcassets */ = {isa = PBXFileReference; lastKnownFileType = folder.assetcatalog; path = Media.xcassets; sourceTree = "<group>"; };
		3A8CDC272901ADCB00910FF2 /* ActionViewController.swift */ = {isa = PBXFileReference; lastKnownFileType = sourcecode.swift; path = ActionViewController.swift; sourceTree = "<group>"; };
		3A8CDC2A2901ADCB00910FF2 /* Base */ = {isa = PBXFileReference; lastKnownFileType = file.storyboard; name = Base; path = Base.lproj/MainInterface.storyboard; sourceTree = "<group>"; };
		3A8CDC2C2901ADCB00910FF2 /* Info.plist */ = {isa = PBXFileReference; lastKnownFileType = text.plist.xml; path = Info.plist; sourceTree = "<group>"; };
		3A8CDC342901B0D100910FF2 /* Action.js */ = {isa = PBXFileReference; lastKnownFileType = sourcecode.javascript; path = Action.js; sourceTree = "<group>"; };
/* End PBXFileReference section */

/* Begin PBXFrameworksBuildPhase section */
		3A8CDC022901AA3C00910FF2 /* Frameworks */ = {
			isa = PBXFrameworksBuildPhase;
			buildActionMask = 2147483647;
			files = (
			);
			runOnlyForDeploymentPostprocessing = 0;
		};
		3A8CDC1D2901ADCB00910FF2 /* Frameworks */ = {
			isa = PBXFrameworksBuildPhase;
			buildActionMask = 2147483647;
			files = (
				3A8CDC232901ADCB00910FF2 /* UniformTypeIdentifiers.framework in Frameworks */,
			);
			runOnlyForDeploymentPostprocessing = 0;
		};
/* End PBXFrameworksBuildPhase section */

/* Begin PBXGroup section */
		3A8CDBFC2901AA3C00910FF2 = {
			isa = PBXGroup;
			children = (
				3A8CDC072901AA3C00910FF2 /* Project19 */,
				3A8CDC242901ADCB00910FF2 /* Extension */,
				3A8CDC212901ADCB00910FF2 /* Frameworks */,
				3A8CDC062901AA3C00910FF2 /* Products */,
			);
			sourceTree = "<group>";
		};
		3A8CDC062901AA3C00910FF2 /* Products */ = {
			isa = PBXGroup;
			children = (
				3A8CDC052901AA3C00910FF2 /* Project19.app */,
				3A8CDC202901ADCB00910FF2 /* Extension.appex */,
			);
			name = Products;
			sourceTree = "<group>";
		};
		3A8CDC072901AA3C00910FF2 /* Project19 */ = {
			isa = PBXGroup;
			children = (
				3A8CDC082901AA3C00910FF2 /* AppDelegate.swift */,
				3A8CDC0A2901AA3C00910FF2 /* SceneDelegate.swift */,
				3A8CDC0C2901AA3C00910FF2 /* ViewController.swift */,
				3A8CDC0E2901AA3C00910FF2 /* Main.storyboard */,
				3A8CDC112901AA4000910FF2 /* Assets.xcassets */,
				3A8CDC132901AA4000910FF2 /* LaunchScreen.storyboard */,
				3A8CDC162901AA4000910FF2 /* Info.plist */,
			);
			path = Project19;
			sourceTree = "<group>";
		};
		3A8CDC212901ADCB00910FF2 /* Frameworks */ = {
			isa = PBXGroup;
			children = (
				3A8CDC222901ADCB00910FF2 /* UniformTypeIdentifiers.framework */,
			);
			name = Frameworks;
			sourceTree = "<group>";
		};
		3A8CDC242901ADCB00910FF2 /* Extension */ = {
			isa = PBXGroup;
			children = (
				3A8CDC252901ADCB00910FF2 /* Media.xcassets */,
				3A8CDC272901ADCB00910FF2 /* ActionViewController.swift */,
				3A8CDC292901ADCB00910FF2 /* MainInterface.storyboard */,
				3A8CDC2C2901ADCB00910FF2 /* Info.plist */,
				3A8CDC342901B0D100910FF2 /* Action.js */,
			);
			path = Extension;
			sourceTree = "<group>";
		};
/* End PBXGroup section */

/* Begin PBXNativeTarget section */
		3A8CDC042901AA3C00910FF2 /* Project19 */ = {
			isa = PBXNativeTarget;
			buildConfigurationList = 3A8CDC192901AA4000910FF2 /* Build configuration list for PBXNativeTarget "Project19" */;
			buildPhases = (
				3A8CDC012901AA3C00910FF2 /* Sources */,
				3A8CDC022901AA3C00910FF2 /* Frameworks */,
				3A8CDC032901AA3C00910FF2 /* Resources */,
				3A8CDC332901ADCB00910FF2 /* Embed App Extensions */,
			);
			buildRules = (
			);
			dependencies = (
				3A8CDC2E2901ADCB00910FF2 /* PBXTargetDependency */,
			);
			name = Project19;
			productName = Project19;
			productReference = 3A8CDC052901AA3C00910FF2 /* Project19.app */;
			productType = "com.apple.product-type.application";
		};
		3A8CDC1F2901ADCB00910FF2 /* Extension */ = {
			isa = PBXNativeTarget;
			buildConfigurationList = 3A8CDC302901ADCB00910FF2 /* Build configuration list for PBXNativeTarget "Extension" */;
			buildPhases = (
				3A8CDC1C2901ADCB00910FF2 /* Sources */,
				3A8CDC1D2901ADCB00910FF2 /* Frameworks */,
				3A8CDC1E2901ADCB00910FF2 /* Resources */,
			);
			buildRules = (
			);
			dependencies = (
			);
			name = Extension;
			productName = Extension;
			productReference = 3A8CDC202901ADCB00910FF2 /* Extension.appex */;
			productType = "com.apple.product-type.app-extension";
		};
/* End PBXNativeTarget section */

/* Begin PBXProject section */
		3A8CDBFD2901AA3C00910FF2 /* Project object */ = {
			isa = PBXProject;
			attributes = {
				BuildIndependentTargetsInParallel = 1;
				LastSwiftUpdateCheck = 1320;
				LastUpgradeCheck = 1320;
				TargetAttributes = {
					3A8CDC042901AA3C00910FF2 = {
						CreatedOnToolsVersion = 13.2.1;
					};
					3A8CDC1F2901ADCB00910FF2 = {
						CreatedOnToolsVersion = 13.2.1;
					};
				};
			};
			buildConfigurationList = 3A8CDC002901AA3C00910FF2 /* Build configuration list for PBXProject "Project19" */;
			compatibilityVersion = "Xcode 13.0";
			developmentRegion = en;
			hasScannedForEncodings = 0;
			knownRegions = (
				en,
				Base,
			);
			mainGroup = 3A8CDBFC2901AA3C00910FF2;
			productRefGroup = 3A8CDC062901AA3C00910FF2 /* Products */;
			projectDirPath = "";
			projectRoot = "";
			targets = (
				3A8CDC042901AA3C00910FF2 /* Project19 */,
				3A8CDC1F2901ADCB00910FF2 /* Extension */,
			);
		};
/* End PBXProject section */

/* Begin PBXResourcesBuildPhase section */
		3A8CDC032901AA3C00910FF2 /* Resources */ = {
			isa = PBXResourcesBuildPhase;
			buildActionMask = 2147483647;
			files = (
				3A8CDC152901AA4000910FF2 /* LaunchScreen.storyboard in Resources */,
				3A8CDC122901AA4000910FF2 /* Assets.xcassets in Resources */,
				3A8CDC102901AA3C00910FF2 /* Main.storyboard in Resources */,
			);
			runOnlyForDeploymentPostprocessing = 0;
		};
		3A8CDC1E2901ADCB00910FF2 /* Resources */ = {
			isa = PBXResourcesBuildPhase;
			buildActionMask = 2147483647;
			files = (
				3A8CDC352901B0D100910FF2 /* Action.js in Resources */,
				3A8CDC262901ADCB00910FF2 /* Media.xcassets in Resources */,
				3A8CDC2B2901ADCB00910FF2 /* MainInterface.storyboard in Resources */,
			);
			runOnlyForDeploymentPostprocessing = 0;
		};
/* End PBXResourcesBuildPhase section */

/* Begin PBXSourcesBuildPhase section */
		3A8CDC012901AA3C00910FF2 /* Sources */ = {
			isa = PBXSourcesBuildPhase;
			buildActionMask = 2147483647;
			files = (
				3A8CDC0D2901AA3C00910FF2 /* ViewController.swift in Sources */,
				3A8CDC092901AA3C00910FF2 /* AppDelegate.swift in Sources */,
				3A8CDC0B2901AA3C00910FF2 /* SceneDelegate.swift in Sources */,
			);
			runOnlyForDeploymentPostprocessing = 0;
		};
		3A8CDC1C2901ADCB00910FF2 /* Sources */ = {
			isa = PBXSourcesBuildPhase;
			buildActionMask = 2147483647;
			files = (
				3A8CDC282901ADCB00910FF2 /* ActionViewController.swift in Sources */,
			);
			runOnlyForDeploymentPostprocessing = 0;
		};
/* End PBXSourcesBuildPhase section */

/* Begin PBXTargetDependency section */
		3A8CDC2E2901ADCB00910FF2 /* PBXTargetDependency */ = {
			isa = PBXTargetDependency;
			target = 3A8CDC1F2901ADCB00910FF2 /* Extension */;
			targetProxy = 3A8CDC2D2901ADCB00910FF2 /* PBXContainerItemProxy */;
		};
/* End PBXTargetDependency section */

/* Begin PBXVariantGroup section */
		3A8CDC0E2901AA3C00910FF2 /* Main.storyboard */ = {
			isa = PBXVariantGroup;
			children = (
				3A8CDC0F2901AA3C00910FF2 /* Base */,
			);
			name = Main.storyboard;
			sourceTree = "<group>";
		};
		3A8CDC132901AA4000910FF2 /* LaunchScreen.storyboard */ = {
			isa = PBXVariantGroup;
			children = (
				3A8CDC142901AA4000910FF2 /* Base */,
			);
			name = LaunchScreen.storyboard;
			sourceTree = "<group>";
		};
		3A8CDC292901ADCB00910FF2 /* MainInterface.storyboard */ = {
			isa = PBXVariantGroup;
			children = (
				3A8CDC2A2901ADCB00910FF2 /* Base */,
			);
			name = MainInterface.storyboard;
			sourceTree = "<group>";
		};
/* End PBXVariantGroup section */

/* Begin XCBuildConfiguration section */
		3A8CDC172901AA4000910FF2 /* Debug */ = {
			isa = XCBuildConfiguration;
			buildSettings = {
				ALWAYS_SEARCH_USER_PATHS = NO;
				CLANG_ANALYZER_NONNULL = YES;
				CLANG_ANALYZER_NUMBER_OBJECT_CONVERSION = YES_AGGRESSIVE;
				CLANG_CXX_LANGUAGE_STANDARD = "gnu++17";
				CLANG_CXX_LIBRARY = "libc++";
				CLANG_ENABLE_MODULES = YES;
				CLANG_ENABLE_OBJC_ARC = YES;
				CLANG_ENABLE_OBJC_WEAK = YES;
				CLANG_WARN_BLOCK_CAPTURE_AUTORELEASING = YES;
				CLANG_WARN_BOOL_CONVERSION = YES;
				CLANG_WARN_COMMA = YES;
				CLANG_WARN_CONSTANT_CONVERSION = YES;
				CLANG_WARN_DEPRECATED_OBJC_IMPLEMENTATIONS = YES;
				CLANG_WARN_DIRECT_OBJC_ISA_USAGE = YES_ERROR;
				CLANG_WARN_DOCUMENTATION_COMMENTS = YES;
				CLANG_WARN_EMPTY_BODY = YES;
				CLANG_WARN_ENUM_CONVERSION = YES;
				CLANG_WARN_INFINITE_RECURSION = YES;
				CLANG_WARN_INT_CONVERSION = YES;
				CLANG_WARN_NON_LITERAL_NULL_CONVERSION = YES;
				CLANG_WARN_OBJC_IMPLICIT_RETAIN_SELF = YES;
				CLANG_WARN_OBJC_LITERAL_CONVERSION = YES;
				CLANG_WARN_OBJC_ROOT_CLASS = YES_ERROR;
				CLANG_WARN_QUOTED_INCLUDE_IN_FRAMEWORK_HEADER = YES;
				CLANG_WARN_RANGE_LOOP_ANALYSIS = YES;
				CLANG_WARN_STRICT_PROTOTYPES = YES;
				CLANG_WARN_SUSPICIOUS_MOVE = YES;
				CLANG_WARN_UNGUARDED_AVAILABILITY = YES_AGGRESSIVE;
				CLANG_WARN_UNREACHABLE_CODE = YES;
				CLANG_WARN__DUPLICATE_METHOD_MATCH = YES;
				COPY_PHASE_STRIP = NO;
				DEBUG_INFORMATION_FORMAT = dwarf;
				ENABLE_STRICT_OBJC_MSGSEND = YES;
				ENABLE_TESTABILITY = YES;
				GCC_C_LANGUAGE_STANDARD = gnu11;
				GCC_DYNAMIC_NO_PIC = NO;
				GCC_NO_COMMON_BLOCKS = YES;
				GCC_OPTIMIZATION_LEVEL = 0;
				GCC_PREPROCESSOR_DEFINITIONS = (
					"DEBUG=1",
					"$(inherited)",
				);
				GCC_WARN_64_TO_32_BIT_CONVERSION = YES;
				GCC_WARN_ABOUT_RETURN_TYPE = YES_ERROR;
				GCC_WARN_UNDECLARED_SELECTOR = YES;
				GCC_WARN_UNINITIALIZED_AUTOS = YES_AGGRESSIVE;
				GCC_WARN_UNUSED_FUNCTION = YES;
				GCC_WARN_UNUSED_VARIABLE = YES;
				IPHONEOS_DEPLOYMENT_TARGET = 15.2;
				MTL_ENABLE_DEBUG_INFO = INCLUDE_SOURCE;
				MTL_FAST_MATH = YES;
				ONLY_ACTIVE_ARCH = YES;
				SDKROOT = iphoneos;
				SWIFT_ACTIVE_COMPILATION_CONDITIONS = DEBUG;
				SWIFT_OPTIMIZATION_LEVEL = "-Onone";
			};
			name = Debug;
		};
		3A8CDC182901AA4000910FF2 /* Release */ = {
			isa = XCBuildConfiguration;
			buildSettings = {
				ALWAYS_SEARCH_USER_PATHS = NO;
				CLANG_ANALYZER_NONNULL = YES;
				CLANG_ANALYZER_NUMBER_OBJECT_CONVERSION = YES_AGGRESSIVE;
				CLANG_CXX_LANGUAGE_STANDARD = "gnu++17";
				CLANG_CXX_LIBRARY = "libc++";
				CLANG_ENABLE_MODULES = YES;
				CLANG_ENABLE_OBJC_ARC = YES;
				CLANG_ENABLE_OBJC_WEAK = YES;
				CLANG_WARN_BLOCK_CAPTURE_AUTORELEASING = YES;
				CLANG_WARN_BOOL_CONVERSION = YES;
				CLANG_WARN_COMMA = YES;
				CLANG_WARN_CONSTANT_CONVERSION = YES;
				CLANG_WARN_DEPRECATED_OBJC_IMPLEMENTATIONS = YES;
				CLANG_WARN_DIRECT_OBJC_ISA_USAGE = YES_ERROR;
				CLANG_WARN_DOCUMENTATION_COMMENTS = YES;
				CLANG_WARN_EMPTY_BODY = YES;
				CLANG_WARN_ENUM_CONVERSION = YES;
				CLANG_WARN_INFINITE_RECURSION = YES;
				CLANG_WARN_INT_CONVERSION = YES;
				CLANG_WARN_NON_LITERAL_NULL_CONVERSION = YES;
				CLANG_WARN_OBJC_IMPLICIT_RETAIN_SELF = YES;
				CLANG_WARN_OBJC_LITERAL_CONVERSION = YES;
				CLANG_WARN_OBJC_ROOT_CLASS = YES_ERROR;
				CLANG_WARN_QUOTED_INCLUDE_IN_FRAMEWORK_HEADER = YES;
				CLANG_WARN_RANGE_LOOP_ANALYSIS = YES;
				CLANG_WARN_STRICT_PROTOTYPES = YES;
				CLANG_WARN_SUSPICIOUS_MOVE = YES;
				CLANG_WARN_UNGUARDED_AVAILABILITY = YES_AGGRESSIVE;
				CLANG_WARN_UNREACHABLE_CODE = YES;
				CLANG_WARN__DUPLICATE_METHOD_MATCH = YES;
				COPY_PHASE_STRIP = NO;
				DEBUG_INFORMATION_FORMAT = "dwarf-with-dsym";
				ENABLE_NS_ASSERTIONS = NO;
				ENABLE_STRICT_OBJC_MSGSEND = YES;
				GCC_C_LANGUAGE_STANDARD = gnu11;
				GCC_NO_COMMON_BLOCKS = YES;
				GCC_WARN_64_TO_32_BIT_CONVERSION = YES;
				GCC_WARN_ABOUT_RETURN_TYPE = YES_ERROR;
				GCC_WARN_UNDECLARED_SELECTOR = YES;
				GCC_WARN_UNINITIALIZED_AUTOS = YES_AGGRESSIVE;
				GCC_WARN_UNUSED_FUNCTION = YES;
				GCC_WARN_UNUSED_VARIABLE = YES;
				IPHONEOS_DEPLOYMENT_TARGET = 15.2;
				MTL_ENABLE_DEBUG_INFO = NO;
				MTL_FAST_MATH = YES;
				SDKROOT = iphoneos;
				SWIFT_COMPILATION_MODE = wholemodule;
				SWIFT_OPTIMIZATION_LEVEL = "-O";
				VALIDATE_PRODUCT = YES;
			};
			name = Release;
		};
		3A8CDC1A2901AA4000910FF2 /* Debug */ = {
			isa = XCBuildConfiguration;
			buildSettings = {
				ALWAYS_EMBED_SWIFT_STANDARD_LIBRARIES = YES;
				ASSETCATALOG_COMPILER_APPICON_NAME = AppIcon;
				ASSETCATALOG_COMPILER_GLOBAL_ACCENT_COLOR_NAME = AccentColor;
				CODE_SIGN_STYLE = Automatic;
				CURRENT_PROJECT_VERSION = 1;
				DEVELOPMENT_TEAM = 2Z53YYLQP7;
				GENERATE_INFOPLIST_FILE = YES;
				INFOPLIST_FILE = Project19/Info.plist;
				INFOPLIST_KEY_UIApplicationSupportsIndirectInputEvents = YES;
				INFOPLIST_KEY_UILaunchStoryboardName = LaunchScreen;
				INFOPLIST_KEY_UIMainStoryboardFile = Main;
				INFOPLIST_KEY_UISupportedInterfaceOrientations_iPad = "UIInterfaceOrientationPortrait UIInterfaceOrientationPortraitUpsideDown UIInterfaceOrientationLandscapeLeft UIInterfaceOrientationLandscapeRight";
				INFOPLIST_KEY_UISupportedInterfaceOrientations_iPhone = "UIInterfaceOrientationPortrait UIInterfaceOrientationLandscapeLeft UIInterfaceOrientationLandscapeRight";
				LD_RUNPATH_SEARCH_PATHS = (
					"$(inherited)",
					"@executable_path/Frameworks",
				);
				MARKETING_VERSION = 1.0;
				PRODUCT_BUNDLE_IDENTIFIER = josephConteh.Project19;
				PRODUCT_NAME = "$(TARGET_NAME)";
				SWIFT_EMIT_LOC_STRINGS = YES;
				SWIFT_VERSION = 5.0;
				TARGETED_DEVICE_FAMILY = "1,2";
			};
			name = Debug;
		};
		3A8CDC1B2901AA4000910FF2 /* Release */ = {
			isa = XCBuildConfiguration;
			buildSettings = {
				ALWAYS_EMBED_SWIFT_STANDARD_LIBRARIES = YES;
				ASSETCATALOG_COMPILER_APPICON_NAME = AppIcon;
				ASSETCATALOG_COMPILER_GLOBAL_ACCENT_COLOR_NAME = AccentColor;
				CODE_SIGN_STYLE = Automatic;
				CURRENT_PROJECT_VERSION = 1;
				DEVELOPMENT_TEAM = 2Z53YYLQP7;
				GENERATE_INFOPLIST_FILE = YES;
				INFOPLIST_FILE = Project19/Info.plist;
				INFOPLIST_KEY_UIApplicationSupportsIndirectInputEvents = YES;
				INFOPLIST_KEY_UILaunchStoryboardName = LaunchScreen;
				INFOPLIST_KEY_UIMainStoryboardFile = Main;
				INFOPLIST_KEY_UISupportedInterfaceOrientations_iPad = "UIInterfaceOrientationPortrait UIInterfaceOrientationPortraitUpsideDown UIInterfaceOrientationLandscapeLeft UIInterfaceOrientationLandscapeRight";
				INFOPLIST_KEY_UISupportedInterfaceOrientations_iPhone = "UIInterfaceOrientationPortrait UIInterfaceOrientationLandscapeLeft UIInterfaceOrientationLandscapeRight";
				LD_RUNPATH_SEARCH_PATHS = (
					"$(inherited)",
					"@executable_path/Frameworks",
				);
				MARKETING_VERSION = 1.0;
				PRODUCT_BUNDLE_IDENTIFIER = josephConteh.Project19;
				PRODUCT_NAME = "$(TARGET_NAME)";
				SWIFT_EMIT_LOC_STRINGS = YES;
				SWIFT_VERSION = 5.0;
				TARGETED_DEVICE_FAMILY = "1,2";
			};
			name = Release;
		};
		3A8CDC312901ADCB00910FF2 /* Debug */ = {
			isa = XCBuildConfiguration;
			buildSettings = {
				CODE_SIGN_STYLE = Automatic;
				CURRENT_PROJECT_VERSION = 1;
				DEVELOPMENT_TEAM = 2Z53YYLQP7;
				GENERATE_INFOPLIST_FILE = YES;
				INFOPLIST_FILE = Extension/Info.plist;
				INFOPLIST_KEY_CFBundleDisplayName = Extension;
				INFOPLIST_KEY_NSHumanReadableCopyright = "";
				LD_RUNPATH_SEARCH_PATHS = (
					"$(inherited)",
					"@executable_path/Frameworks",
					"@executable_path/../../Frameworks",
				);
				MARKETING_VERSION = 1.0;
				PRODUCT_BUNDLE_IDENTIFIER = josephConteh.Project19.Extension;
				PRODUCT_NAME = "$(TARGET_NAME)";
				SKIP_INSTALL = YES;
				SWIFT_EMIT_LOC_STRINGS = YES;
				SWIFT_VERSION = 5.0;
				TARGETED_DEVICE_FAMILY = "1,2";
			};
			name = Debug;
		};
		3A8CDC322901ADCB00910FF2 /* Release */ = {
			isa = XCBuildConfiguration;
			buildSettings = {
				CODE_SIGN_STYLE = Automatic;
				CURRENT_PROJECT_VERSION = 1;
				DEVELOPMENT_TEAM = 2Z53YYLQP7;
				GENERATE_INFOPLIST_FILE = YES;
				INFOPLIST_FILE = Extension/Info.plist;
				INFOPLIST_KEY_CFBundleDisplayName = Extension;
				INFOPLIST_KEY_NSHumanReadableCopyright = "";
				LD_RUNPATH_SEARCH_PATHS = (
					"$(inherited)",
					"@executable_path/Frameworks",
					"@executable_path/../../Frameworks",
				);
				MARKETING_VERSION = 1.0;
				PRODUCT_BUNDLE_IDENTIFIER = josephConteh.Project19.Extension;
				PRODUCT_NAME = "$(TARGET_NAME)";
				SKIP_INSTALL = YES;
				SWIFT_EMIT_LOC_STRINGS = YES;
				SWIFT_VERSION = 5.0;
				TARGETED_DEVICE_FAMILY = "1,2";
			};
			name = Release;
		};
/* End XCBuildConfiguration section */

/* Begin XCConfigurationList section */
		3A8CDC002901AA3C00910FF2 /* Build configuration list for PBXProject "Project19" */ = {
			isa = XCConfigurationList;
			buildConfigurations = (
				3A8CDC172901AA4000910FF2 /* Debug */,
				3A8CDC182901AA4000910FF2 /* Release */,
			);
			defaultConfigurationIsVisible = 0;
			defaultConfigurationName = Release;
		};
		3A8CDC192901AA4000910FF2 /* Build configuration list for PBXNativeTarget "Project19" */ = {
			isa = XCConfigurationList;
			buildConfigurations = (
				3A8CDC1A2901AA4000910FF2 /* Debug */,
				3A8CDC1B2901AA4000910FF2 /* Release */,
			);
			defaultConfigurationIsVisible = 0;
			defaultConfigurationName = Release;
		};
		3A8CDC302901ADCB00910FF2 /* Build configuration list for PBXNativeTarget "Extension" */ = {
			isa = XCConfigurationList;
			buildConfigurations = (
				3A8CDC312901ADCB00910FF2 /* Debug */,
				3A8CDC322901ADCB00910FF2 /* Release */,
			);
			defaultConfigurationIsVisible = 0;
			defaultConfigurationName = Release;
		};
/* End XCConfigurationList section */
	};
	rootObject = 3A8CDBFD2901AA3C00910FF2 /* Project object */;
}
